
Microsoft Visual Studio Solution File, Format Version 12.00
# Visual Studio 14
VisualStudioVersion = 14.0.23107.0
MinimumVisualStudioVersion = 10.0.40219.1
Project("{FAE04EC0-301F-11D3-BF4B-00C04F79EFBC}") = "MongoDB.Repository", "MongoDB.Repository\MongoDB.Repository\MongoDB.Repository.csproj", "{1FA0400C-0612-4C44-BE5F-54C046B2FC08}"
EndProject
Project("{FAE04EC0-301F-11D3-BF4B-00C04F79EFBC}") = "MongoDB.Repository.PerformanceTest", "MongoDB.Repository\MongoDB.Repository.PerformanceTest\MongoDB.Repository.PerformanceTest.csproj", "{2743F7D7-11CF-4252-BBC8-2A4CAF375F7A}"
EndProject
Project("{FAE04EC0-301F-11D3-BF4B-00C04F79EFBC}") = "MongoDB.Repository.Test", "MongoDB.Repository\MongoDB.Repository.Test\MongoDB.Repository.Test.csproj", "{7E67FEC9-3DC7-4AE6-AF4C-20E1DCF360E8}"
EndProject
Project("{FAE04EC0-301F-11D3-BF4B-00C04F79EFBC}") = "Repository.IEntity", "..\modules\src\Repository.IEntity\Repository.IEntity.csproj", "{D2C193B0-7CC1-4C40-9A07-B099BCC2E4B4}"
EndProject
Global
	GlobalSection(SolutionConfigurationPlatforms) = preSolution
		Debug|Any CPU = Debug|Any CPU
		Release|Any CPU = Release|Any CPU
	EndGlobalSection
	GlobalSection(ProjectConfigurationPlatforms) = postSolution
		{1FA0400C-0612-4C44-BE5F-54C046B2FC08}.Debug|Any CPU.ActiveCfg = Debug|Any CPU
		{1FA0400C-0612-4C44-BE5F-54C046B2FC08}.Debug|Any CPU.Build.0 = Debug|Any CPU
		{1FA0400C-0612-4C44-BE5F-54C046B2FC08}.Release|Any CPU.ActiveCfg = Release|Any CPU
		{1FA0400C-0612-4C44-BE5F-54C046B2FC08}.Release|Any CPU.Build.0 = Release|Any CPU
		{2743F7D7-11CF-4252-BBC8-2A4CAF375F7A}.Debug|Any CPU.ActiveCfg = Debug|Any CPU
		{2743F7D7-11CF-4252-BBC8-2A4CAF375F7A}.Debug|Any CPU.Build.0 = Debug|Any CPU
		{2743F7D7-11CF-4252-BBC8-2A4CAF375F7A}.Release|Any CPU.ActiveCfg = Release|Any CPU
		{2743F7D7-11CF-4252-BBC8-2A4CAF375F7A}.Release|Any CPU.Build.0 = Release|Any CPU
		{7E67FEC9-3DC7-4AE6-AF4C-20E1DCF360E8}.Debug|Any CPU.ActiveCfg = Debug|Any CPU
		{7E67FEC9-3DC7-4AE6-AF4C-20E1DCF360E8}.Debug|Any CPU.Build.0 = Debug|Any CPU
		{7E67FEC9-3DC7-4AE6-AF4C-20E1DCF360E8}.Release|Any CPU.ActiveCfg = Release|Any CPU
		{7E67FEC9-3DC7-4AE6-AF4C-20E1DCF360E8}.Release|Any CPU.Build.0 = Release|Any CPU
		{D2C193B0-7CC1-4C40-9A07-B099BCC2E4B4}.Debug|Any CPU.ActiveCfg = Debug|Any CPU
		{D2C193B0-7CC1-4C40-9A07-B099BCC2E4B4}.Debug|Any CPU.Build.0 = Debug|Any CPU
		{D2C193B0-7CC1-4C40-9A07-B099BCC2E4B4}.Release|Any CPU.ActiveCfg = Release|Any CPU
		{D2C193B0-7CC1-4C40-9A07-B099BCC2E4B4}.Release|Any CPU.Build.0 = Release|Any CPU
	EndGlobalSection
	GlobalSection(SolutionProperties) = preSolution
		HideSolutionNode = FALSE
	EndGlobalSection
EndGlobal
