
Microsoft Visual Studio Solution File, Format Version 12.00
# Visual Studio 15
VisualStudioVersion = 15.0.27004.2010
MinimumVisualStudioVersion = 10.0.40219.1
Project("{9A19103F-16F7-4668-BE54-9A1E7A4F7556}") = "Raven.MongoDB.Repository", "Raven.MongoDB.Repository\Raven.MongoDB.Repository\Raven.MongoDB.Repository.csproj", "{3403DB78-B728-4CCA-8648-02483B6845B7}"
EndProject
Project("{FAE04EC0-301F-11D3-BF4B-00C04F79EFBC}") = "Raven.MongoDB.Repository.Test", "Raven.MongoDB.Repository\Raven.MongoDB.Repository.Test\Raven.MongoDB.Repository.Test.csproj", "{C2F28651-AA3F-42A0-BA2A-7A847A66376B}"
EndProject
Project("{FAE04EC0-301F-11D3-BF4B-00C04F79EFBC}") = "Raven.MongoDB.Repository.PerformanceTest", "Raven.MongoDB.Repository\Raven.MongoDB.Repository.PerformanceTest\Raven.MongoDB.Repository.PerformanceTest.csproj", "{6C026945-1543-4EEF-ABD3-18711A5D0447}"
EndProject
Project("{2150E333-8FDC-42A3-9474-1A3956D46DE8}") = "Test", "Test", "{906E3763-C399-4AD0-8A36-E99EDAAE6308}"
EndProject
Project("{FAE04EC0-301F-11D3-BF4B-00C04F79EFBC}") = "MongoDB.Repository", "Raven.MongoDB.Repository\MongoDB.Repository\MongoDB.Repository.csproj", "{8414E9D2-DD35-4F75-9D66-1D510613B64D}"
EndProject
Project("{2150E333-8FDC-42A3-9474-1A3956D46DE8}") = "Old", "Old", "{B059304A-3F78-4B36-AC4E-43D251DCF9C1}"
EndProject
Global
	GlobalSection(SolutionConfigurationPlatforms) = preSolution
		Debug|Any CPU = Debug|Any CPU
		Release|Any CPU = Release|Any CPU
	EndGlobalSection
	GlobalSection(ProjectConfigurationPlatforms) = postSolution
		{3403DB78-B728-4CCA-8648-02483B6845B7}.Debug|Any CPU.ActiveCfg = Debug|Any CPU
		{3403DB78-B728-4CCA-8648-02483B6845B7}.Debug|Any CPU.Build.0 = Debug|Any CPU
		{3403DB78-B728-4CCA-8648-02483B6845B7}.Release|Any CPU.ActiveCfg = Release|Any CPU
		{3403DB78-B728-4CCA-8648-02483B6845B7}.Release|Any CPU.Build.0 = Release|Any CPU
		{C2F28651-AA3F-42A0-BA2A-7A847A66376B}.Debug|Any CPU.ActiveCfg = Debug|Any CPU
		{C2F28651-AA3F-42A0-BA2A-7A847A66376B}.Debug|Any CPU.Build.0 = Debug|Any CPU
		{C2F28651-AA3F-42A0-BA2A-7A847A66376B}.Release|Any CPU.ActiveCfg = Release|Any CPU
		{C2F28651-AA3F-42A0-BA2A-7A847A66376B}.Release|Any CPU.Build.0 = Release|Any CPU
		{6C026945-1543-4EEF-ABD3-18711A5D0447}.Debug|Any CPU.ActiveCfg = Debug|Any CPU
		{6C026945-1543-4EEF-ABD3-18711A5D0447}.Debug|Any CPU.Build.0 = Debug|Any CPU
		{6C026945-1543-4EEF-ABD3-18711A5D0447}.Release|Any CPU.ActiveCfg = Release|Any CPU
		{6C026945-1543-4EEF-ABD3-18711A5D0447}.Release|Any CPU.Build.0 = Release|Any CPU
		{8414E9D2-DD35-4F75-9D66-1D510613B64D}.Debug|Any CPU.ActiveCfg = Debug|Any CPU
		{8414E9D2-DD35-4F75-9D66-1D510613B64D}.Debug|Any CPU.Build.0 = Debug|Any CPU
		{8414E9D2-DD35-4F75-9D66-1D510613B64D}.Release|Any CPU.ActiveCfg = Release|Any CPU
		{8414E9D2-DD35-4F75-9D66-1D510613B64D}.Release|Any CPU.Build.0 = Release|Any CPU
	EndGlobalSection
	GlobalSection(SolutionProperties) = preSolution
		HideSolutionNode = FALSE
	EndGlobalSection
	GlobalSection(NestedProjects) = preSolution
		{C2F28651-AA3F-42A0-BA2A-7A847A66376B} = {906E3763-C399-4AD0-8A36-E99EDAAE6308}
		{6C026945-1543-4EEF-ABD3-18711A5D0447} = {906E3763-C399-4AD0-8A36-E99EDAAE6308}
		{8414E9D2-DD35-4F75-9D66-1D510613B64D} = {B059304A-3F78-4B36-AC4E-43D251DCF9C1}
	EndGlobalSection
	GlobalSection(ExtensibilityGlobals) = postSolution
		SolutionGuid = {55C2E8B9-46D7-419B-806E-797E0DB6BDE2}
	EndGlobalSection
EndGlobal
